// !$*UTF8*$!
{
	archiveVersion = 1;
	classes = {
	};
	objectVersion = 46;
	objects = {

/* Begin PBXBuildFile section */
		22102CA21C866E77000E074B /* GoodRTests.swift in Sources */ = {isa = PBXBuildFile; fileRef = 22102CA11C866E77000E074B /* GoodRTests.swift */; };
		22102CB01C866E8D000E074B /* GoodRUITests.swift in Sources */ = {isa = PBXBuildFile; fileRef = 22102CAF1C866E8D000E074B /* GoodRUITests.swift */; };
		22248E3D1C86BB8200E71B21 /* GoodiesFeedVC.swift in Sources */ = {isa = PBXBuildFile; fileRef = 22248E3C1C86BB8200E71B21 /* GoodiesFeedVC.swift */; };
		22248E3F1C86BDA800E71B21 /* GoodieCell.swift in Sources */ = {isa = PBXBuildFile; fileRef = 22248E3E1C86BDA800E71B21 /* GoodieCell.swift */; };
		223365051C7E98000049E58F /* AppDelegate.swift in Sources */ = {isa = PBXBuildFile; fileRef = 223365041C7E98000049E58F /* AppDelegate.swift */; };
		223365071C7E98000049E58F /* ViewController.swift in Sources */ = {isa = PBXBuildFile; fileRef = 223365061C7E98000049E58F /* ViewController.swift */; };
		2233650A1C7E98000049E58F /* Main.storyboard in Resources */ = {isa = PBXBuildFile; fileRef = 223365081C7E98000049E58F /* Main.storyboard */; };
		2233650C1C7E98000049E58F /* Assets.xcassets in Resources */ = {isa = PBXBuildFile; fileRef = 2233650B1C7E98000049E58F /* Assets.xcassets */; };
		2233650F1C7E98000049E58F /* LaunchScreen.storyboard in Resources */ = {isa = PBXBuildFile; fileRef = 2233650D1C7E98000049E58F /* LaunchScreen.storyboard */; };
		2233651E1C7E99960049E58F /* NotoSans-Bold.ttf in Resources */ = {isa = PBXBuildFile; fileRef = 2233651A1C7E99960049E58F /* NotoSans-Bold.ttf */; };
		2233651F1C7E99960049E58F /* NotoSans-BoldItalic.ttf in Resources */ = {isa = PBXBuildFile; fileRef = 2233651B1C7E99960049E58F /* NotoSans-BoldItalic.ttf */; };
		223365201C7E99960049E58F /* NotoSans-Italic.ttf in Resources */ = {isa = PBXBuildFile; fileRef = 2233651C1C7E99960049E58F /* NotoSans-Italic.ttf */; };
		223365211C7E99960049E58F /* NotoSans-Regular.ttf in Resources */ = {isa = PBXBuildFile; fileRef = 2233651D1C7E99960049E58F /* NotoSans-Regular.ttf */; };
		223365231C7EB54A0049E58F /* CustomDesignView.swift in Sources */ = {isa = PBXBuildFile; fileRef = 223365221C7EB54A0049E58F /* CustomDesignView.swift */; };
		223365261C7EB6190049E58F /* Constants.swift in Sources */ = {isa = PBXBuildFile; fileRef = 223365251C7EB6190049E58F /* Constants.swift */; };
		22AC55881C86925400ABF126 /* Utilities.swift in Sources */ = {isa = PBXBuildFile; fileRef = 22AC55871C86925400ABF126 /* Utilities.swift */; };
		22ADDCB11C81AB0100661AD9 /* DataService.swift in Sources */ = {isa = PBXBuildFile; fileRef = 22ADDCB01C81AB0100661AD9 /* DataService.swift */; };
		22ED99D01C86F2DD00B3112F /* Post.swift in Sources */ = {isa = PBXBuildFile; fileRef = 22ED99CF1C86F2DD00B3112F /* Post.swift */; };
		22ED99D21C87295300B3112F /* CustomImage.swift in Sources */ = {isa = PBXBuildFile; fileRef = 22ED99D11C87295300B3112F /* CustomImage.swift */; };
		22FFC9F01C81342D00F1E3EC /* CustomButton.swift in Sources */ = {isa = PBXBuildFile; fileRef = 22FFC9EF1C81342D00F1E3EC /* CustomButton.swift */; };
		22FFC9F21C814E0700F1E3EC /* CustomTextField.swift in Sources */ = {isa = PBXBuildFile; fileRef = 22FFC9F11C814E0700F1E3EC /* CustomTextField.swift */; };
		22FFC9F71C81585100F1E3EC /* Bolts.framework in Frameworks */ = {isa = PBXBuildFile; fileRef = 22FFC9F41C81585100F1E3EC /* Bolts.framework */; };
		22FFC9F81C81585100F1E3EC /* FBSDKCoreKit.framework in Frameworks */ = {isa = PBXBuildFile; fileRef = 22FFC9F51C81585100F1E3EC /* FBSDKCoreKit.framework */; };
		22FFC9F91C81585100F1E3EC /* FBSDKLoginKit.framework in Frameworks */ = {isa = PBXBuildFile; fileRef = 22FFC9F61C81585100F1E3EC /* FBSDKLoginKit.framework */; };
		F9A776B7DE315236FE60AACB /* Pods_GoodR.framework in Frameworks */ = {isa = PBXBuildFile; fileRef = 91CA1CEC302D0291273A86B4 /* Pods_GoodR.framework */; };
/* End PBXBuildFile section */

/* Begin PBXContainerItemProxy section */
		22102CA41C866E77000E074B /* PBXContainerItemProxy */ = {
			isa = PBXContainerItemProxy;
			containerPortal = 223364F91C7E98000049E58F /* Project object */;
			proxyType = 1;
			remoteGlobalIDString = 223365001C7E98000049E58F;
			remoteInfo = GoodR;
		};
		22102CB21C866E8D000E074B /* PBXContainerItemProxy */ = {
			isa = PBXContainerItemProxy;
			containerPortal = 223364F91C7E98000049E58F /* Project object */;
			proxyType = 1;
			remoteGlobalIDString = 223365001C7E98000049E58F;
			remoteInfo = GoodR;
		};
/* End PBXContainerItemProxy section */

/* Begin PBXFileReference section */
		22102C9F1C866E77000E074B /* GoodRTests.xctest */ = {isa = PBXFileReference; explicitFileType = wrapper.cfbundle; includeInIndex = 0; path = GoodRTests.xctest; sourceTree = BUILT_PRODUCTS_DIR; };
		22102CA11C866E77000E074B /* GoodRTests.swift */ = {isa = PBXFileReference; lastKnownFileType = sourcecode.swift; path = GoodRTests.swift; sourceTree = "<group>"; };
		22102CA31C866E77000E074B /* Info.plist */ = {isa = PBXFileReference; lastKnownFileType = text.plist.xml; path = Info.plist; sourceTree = "<group>"; };
		22102CAD1C866E8D000E074B /* GoodRUITests.xctest */ = {isa = PBXFileReference; explicitFileType = wrapper.cfbundle; includeInIndex = 0; path = GoodRUITests.xctest; sourceTree = BUILT_PRODUCTS_DIR; };
		22102CAF1C866E8D000E074B /* GoodRUITests.swift */ = {isa = PBXFileReference; lastKnownFileType = sourcecode.swift; path = GoodRUITests.swift; sourceTree = "<group>"; };
		22102CB11C866E8D000E074B /* Info.plist */ = {isa = PBXFileReference; lastKnownFileType = text.plist.xml; path = Info.plist; sourceTree = "<group>"; };
		22248E3C1C86BB8200E71B21 /* GoodiesFeedVC.swift */ = {isa = PBXFileReference; fileEncoding = 4; lastKnownFileType = sourcecode.swift; path = GoodiesFeedVC.swift; sourceTree = "<group>"; };
		22248E3E1C86BDA800E71B21 /* GoodieCell.swift */ = {isa = PBXFileReference; fileEncoding = 4; lastKnownFileType = sourcecode.swift; path = GoodieCell.swift; sourceTree = "<group>"; };
		223365011C7E98000049E58F /* GoodR.app */ = {isa = PBXFileReference; explicitFileType = wrapper.application; includeInIndex = 0; path = GoodR.app; sourceTree = BUILT_PRODUCTS_DIR; };
		223365041C7E98000049E58F /* AppDelegate.swift */ = {isa = PBXFileReference; lastKnownFileType = sourcecode.swift; path = AppDelegate.swift; sourceTree = "<group>"; };
		223365061C7E98000049E58F /* ViewController.swift */ = {isa = PBXFileReference; lastKnownFileType = sourcecode.swift; path = ViewController.swift; sourceTree = "<group>"; };
		223365091C7E98000049E58F /* Base */ = {isa = PBXFileReference; lastKnownFileType = file.storyboard; name = Base; path = Base.lproj/Main.storyboard; sourceTree = "<group>"; };
		2233650B1C7E98000049E58F /* Assets.xcassets */ = {isa = PBXFileReference; lastKnownFileType = folder.assetcatalog; path = Assets.xcassets; sourceTree = "<group>"; };
		2233650E1C7E98000049E58F /* Base */ = {isa = PBXFileReference; lastKnownFileType = file.storyboard; name = Base; path = Base.lproj/LaunchScreen.storyboard; sourceTree = "<group>"; };
		223365101C7E98000049E58F /* Info.plist */ = {isa = PBXFileReference; lastKnownFileType = text.plist.xml; path = Info.plist; sourceTree = "<group>"; };
		2233651A1C7E99960049E58F /* NotoSans-Bold.ttf */ = {isa = PBXFileReference; lastKnownFileType = file; path = "NotoSans-Bold.ttf"; sourceTree = "<group>"; };
		2233651B1C7E99960049E58F /* NotoSans-BoldItalic.ttf */ = {isa = PBXFileReference; lastKnownFileType = file; path = "NotoSans-BoldItalic.ttf"; sourceTree = "<group>"; };
		2233651C1C7E99960049E58F /* NotoSans-Italic.ttf */ = {isa = PBXFileReference; lastKnownFileType = file; path = "NotoSans-Italic.ttf"; sourceTree = "<group>"; };
		2233651D1C7E99960049E58F /* NotoSans-Regular.ttf */ = {isa = PBXFileReference; lastKnownFileType = file; path = "NotoSans-Regular.ttf"; sourceTree = "<group>"; };
		223365221C7EB54A0049E58F /* CustomDesignView.swift */ = {isa = PBXFileReference; fileEncoding = 4; lastKnownFileType = sourcecode.swift; path = CustomDesignView.swift; sourceTree = "<group>"; };
		223365251C7EB6190049E58F /* Constants.swift */ = {isa = PBXFileReference; fileEncoding = 4; lastKnownFileType = sourcecode.swift; path = Constants.swift; sourceTree = "<group>"; };
		22AC55871C86925400ABF126 /* Utilities.swift */ = {isa = PBXFileReference; fileEncoding = 4; lastKnownFileType = sourcecode.swift; path = Utilities.swift; sourceTree = "<group>"; };
		22ADDCB01C81AB0100661AD9 /* DataService.swift */ = {isa = PBXFileReference; fileEncoding = 4; lastKnownFileType = sourcecode.swift; path = DataService.swift; sourceTree = "<group>"; };
		22ED99CF1C86F2DD00B3112F /* Post.swift */ = {isa = PBXFileReference; fileEncoding = 4; lastKnownFileType = sourcecode.swift; path = Post.swift; sourceTree = "<group>"; };
		22ED99D11C87295300B3112F /* CustomImage.swift */ = {isa = PBXFileReference; fileEncoding = 4; lastKnownFileType = sourcecode.swift; path = CustomImage.swift; sourceTree = "<group>"; };
		22FFC9EF1C81342D00F1E3EC /* CustomButton.swift */ = {isa = PBXFileReference; fileEncoding = 4; lastKnownFileType = sourcecode.swift; path = CustomButton.swift; sourceTree = "<group>"; };
		22FFC9F11C814E0700F1E3EC /* CustomTextField.swift */ = {isa = PBXFileReference; fileEncoding = 4; lastKnownFileType = sourcecode.swift; path = CustomTextField.swift; sourceTree = "<group>"; };
		22FFC9F41C81585100F1E3EC /* Bolts.framework */ = {isa = PBXFileReference; lastKnownFileType = wrapper.framework; path = Bolts.framework; sourceTree = "<group>"; };
		22FFC9F51C81585100F1E3EC /* FBSDKCoreKit.framework */ = {isa = PBXFileReference; lastKnownFileType = wrapper.framework; path = FBSDKCoreKit.framework; sourceTree = "<group>"; };
		22FFC9F61C81585100F1E3EC /* FBSDKLoginKit.framework */ = {isa = PBXFileReference; lastKnownFileType = wrapper.framework; path = FBSDKLoginKit.framework; sourceTree = "<group>"; };
		6D9FEBF191126222887D28E5 /* Pods-GoodR.release.xcconfig */ = {isa = PBXFileReference; includeInIndex = 1; lastKnownFileType = text.xcconfig; name = "Pods-GoodR.release.xcconfig"; path = "Pods/Target Support Files/Pods-GoodR/Pods-GoodR.release.xcconfig"; sourceTree = "<group>"; };
		91CA1CEC302D0291273A86B4 /* Pods_GoodR.framework */ = {isa = PBXFileReference; explicitFileType = wrapper.framework; includeInIndex = 0; path = Pods_GoodR.framework; sourceTree = BUILT_PRODUCTS_DIR; };
		989B7CC259022B7A845C78B5 /* Pods-GoodR.debug.xcconfig */ = {isa = PBXFileReference; includeInIndex = 1; lastKnownFileType = text.xcconfig; name = "Pods-GoodR.debug.xcconfig"; path = "Pods/Target Support Files/Pods-GoodR/Pods-GoodR.debug.xcconfig"; sourceTree = "<group>"; };
/* End PBXFileReference section */

/* Begin PBXFrameworksBuildPhase section */
		22102C9C1C866E77000E074B /* Frameworks */ = {
			isa = PBXFrameworksBuildPhase;
			buildActionMask = 2147483647;
			files = (
			);
			runOnlyForDeploymentPostprocessing = 0;
		};
		22102CAA1C866E8D000E074B /* Frameworks */ = {
			isa = PBXFrameworksBuildPhase;
			buildActionMask = 2147483647;
			files = (
			);
			runOnlyForDeploymentPostprocessing = 0;
		};
		223364FE1C7E98000049E58F /* Frameworks */ = {
			isa = PBXFrameworksBuildPhase;
			buildActionMask = 2147483647;
			files = (
				22FFC9F71C81585100F1E3EC /* Bolts.framework in Frameworks */,
				22FFC9F81C81585100F1E3EC /* FBSDKCoreKit.framework in Frameworks */,
				22FFC9F91C81585100F1E3EC /* FBSDKLoginKit.framework in Frameworks */,
				F9A776B7DE315236FE60AACB /* Pods_GoodR.framework in Frameworks */,
			);
			runOnlyForDeploymentPostprocessing = 0;
		};
/* End PBXFrameworksBuildPhase section */

/* Begin PBXGroup section */
		22102CA01C866E77000E074B /* GoodRTests */ = {
			isa = PBXGroup;
			children = (
				22102CA11C866E77000E074B /* GoodRTests.swift */,
				22102CA31C866E77000E074B /* Info.plist */,
			);
			path = GoodRTests;
			sourceTree = "<group>";
		};
		22102CAE1C866E8D000E074B /* GoodRUITests */ = {
			isa = PBXGroup;
			children = (
				22102CAF1C866E8D000E074B /* GoodRUITests.swift */,
				22102CB11C866E8D000E074B /* Info.plist */,
			);
			path = GoodRUITests;
			sourceTree = "<group>";
		};
		223364F81C7E98000049E58F = {
			isa = PBXGroup;
			children = (
				223365031C7E98000049E58F /* GoodR */,
				22102CA01C866E77000E074B /* GoodRTests */,
				22102CAE1C866E8D000E074B /* GoodRUITests */,
				223365021C7E98000049E58F /* Products */,
				65EDD0DCDE8E5678E2A581B7 /* Pods */,
				E3FE39AD49B0C33238C99C87 /* Frameworks */,
			);
			sourceTree = "<group>";
		};
		223365021C7E98000049E58F /* Products */ = {
			isa = PBXGroup;
			children = (
				223365011C7E98000049E58F /* GoodR.app */,
				22102C9F1C866E77000E074B /* GoodRTests.xctest */,
				22102CAD1C866E8D000E074B /* GoodRUITests.xctest */,
			);
			name = Products;
			sourceTree = "<group>";
		};
		223365031C7E98000049E58F /* GoodR */ = {
			isa = PBXGroup;
			children = (
				22ADDCAF1C81AA9700661AD9 /* Services */,
				22FFC9F31C8157B500F1E3EC /* Frameworks */,
				223365241C7EB5EE0049E58F /* Util */,
				223365191C7E994D0049E58F /* Resources */,
				223365181C7E990F0049E58F /* Controllers */,
				223365171C7E99090049E58F /* Models */,
				223365161C7E98F90049E58F /* Views */,
				223365041C7E98000049E58F /* AppDelegate.swift */,
				223365081C7E98000049E58F /* Main.storyboard */,
				2233650B1C7E98000049E58F /* Assets.xcassets */,
				2233650D1C7E98000049E58F /* LaunchScreen.storyboard */,
				223365101C7E98000049E58F /* Info.plist */,
			);
			path = GoodR;
			sourceTree = "<group>";
		};
		223365161C7E98F90049E58F /* Views */ = {
			isa = PBXGroup;
			children = (
				223365221C7EB54A0049E58F /* CustomDesignView.swift */,
				22FFC9EF1C81342D00F1E3EC /* CustomButton.swift */,
				22FFC9F11C814E0700F1E3EC /* CustomTextField.swift */,
				22248E3E1C86BDA800E71B21 /* GoodieCell.swift */,
				22ED99D11C87295300B3112F /* CustomImage.swift */,
			);
			name = Views;
			sourceTree = "<group>";
		};
		223365171C7E99090049E58F /* Models */ = {
			isa = PBXGroup;
			children = (
				22ED99CF1C86F2DD00B3112F /* Post.swift */,
			);
			name = Models;
			sourceTree = "<group>";
		};
		223365181C7E990F0049E58F /* Controllers */ = {
			isa = PBXGroup;
			children = (
				223365061C7E98000049E58F /* ViewController.swift */,
				22248E3C1C86BB8200E71B21 /* GoodiesFeedVC.swift */,
			);
			name = Controllers;
			sourceTree = "<group>";
		};
		223365191C7E994D0049E58F /* Resources */ = {
			isa = PBXGroup;
			children = (
				2233651A1C7E99960049E58F /* NotoSans-Bold.ttf */,
				2233651B1C7E99960049E58F /* NotoSans-BoldItalic.ttf */,
				2233651C1C7E99960049E58F /* NotoSans-Italic.ttf */,
				2233651D1C7E99960049E58F /* NotoSans-Regular.ttf */,
			);
			name = Resources;
			sourceTree = "<group>";
		};
		223365241C7EB5EE0049E58F /* Util */ = {
			isa = PBXGroup;
			children = (
				223365251C7EB6190049E58F /* Constants.swift */,
				22AC55871C86925400ABF126 /* Utilities.swift */,
			);
			name = Util;
			sourceTree = "<group>";
		};
		22ADDCAF1C81AA9700661AD9 /* Services */ = {
			isa = PBXGroup;
			children = (
				22ADDCB01C81AB0100661AD9 /* DataService.swift */,
			);
			name = Services;
			sourceTree = "<group>";
		};
		22FFC9F31C8157B500F1E3EC /* Frameworks */ = {
			isa = PBXGroup;
			children = (
				22FFC9F41C81585100F1E3EC /* Bolts.framework */,
				22FFC9F51C81585100F1E3EC /* FBSDKCoreKit.framework */,
				22FFC9F61C81585100F1E3EC /* FBSDKLoginKit.framework */,
			);
			name = Frameworks;
			sourceTree = "<group>";
		};
		65EDD0DCDE8E5678E2A581B7 /* Pods */ = {
			isa = PBXGroup;
			children = (
				989B7CC259022B7A845C78B5 /* Pods-GoodR.debug.xcconfig */,
				6D9FEBF191126222887D28E5 /* Pods-GoodR.release.xcconfig */,
			);
			name = Pods;
			sourceTree = "<group>";
		};
		E3FE39AD49B0C33238C99C87 /* Frameworks */ = {
			isa = PBXGroup;
			children = (
				91CA1CEC302D0291273A86B4 /* Pods_GoodR.framework */,
			);
			name = Frameworks;
			sourceTree = "<group>";
		};
/* End PBXGroup section */

/* Begin PBXNativeTarget section */
		22102C9E1C866E77000E074B /* GoodRTests */ = {
			isa = PBXNativeTarget;
			buildConfigurationList = 22102CA81C866E77000E074B /* Build configuration list for PBXNativeTarget "GoodRTests" */;
			buildPhases = (
				22102C9B1C866E77000E074B /* Sources */,
				22102C9C1C866E77000E074B /* Frameworks */,
				22102C9D1C866E77000E074B /* Resources */,
			);
			buildRules = (
			);
			dependencies = (
				22102CA51C866E77000E074B /* PBXTargetDependency */,
			);
			name = GoodRTests;
			productName = GoodRTests;
			productReference = 22102C9F1C866E77000E074B /* GoodRTests.xctest */;
			productType = "com.apple.product-type.bundle.unit-test";
		};
		22102CAC1C866E8D000E074B /* GoodRUITests */ = {
			isa = PBXNativeTarget;
			buildConfigurationList = 22102CB41C866E8D000E074B /* Build configuration list for PBXNativeTarget "GoodRUITests" */;
			buildPhases = (
				22102CA91C866E8D000E074B /* Sources */,
				22102CAA1C866E8D000E074B /* Frameworks */,
				22102CAB1C866E8D000E074B /* Resources */,
			);
			buildRules = (
			);
			dependencies = (
				22102CB31C866E8D000E074B /* PBXTargetDependency */,
			);
			name = GoodRUITests;
			productName = GoodRUITests;
			productReference = 22102CAD1C866E8D000E074B /* GoodRUITests.xctest */;
			productType = "com.apple.product-type.bundle.ui-testing";
		};
		223365001C7E98000049E58F /* GoodR */ = {
			isa = PBXNativeTarget;
			buildConfigurationList = 223365131C7E98000049E58F /* Build configuration list for PBXNativeTarget "GoodR" */;
			buildPhases = (
				3EA7AD68B0D8274EE7FD4A0A /* Check Pods Manifest.lock */,
				223364FD1C7E98000049E58F /* Sources */,
				223364FE1C7E98000049E58F /* Frameworks */,
				223364FF1C7E98000049E58F /* Resources */,
				1A1805041ACEA0E3D7686C9C /* Embed Pods Frameworks */,
				A521E40D01DE115397FA6856 /* Copy Pods Resources */,
			);
			buildRules = (
			);
			dependencies = (
			);
			name = GoodR;
			productName = GoodR;
			productReference = 223365011C7E98000049E58F /* GoodR.app */;
			productType = "com.apple.product-type.application";
		};
/* End PBXNativeTarget section */

/* Begin PBXProject section */
		223364F91C7E98000049E58F /* Project object */ = {
			isa = PBXProject;
			attributes = {
				LastSwiftUpdateCheck = 0720;
				LastUpgradeCheck = 0720;
				ORGANIZATIONNAME = "Sam Rabeeh - RCI";
				TargetAttributes = {
					22102C9E1C866E77000E074B = {
						CreatedOnToolsVersion = 7.2;
						DevelopmentTeam = LRJ8KGQKMZ;
						TestTargetID = 223365001C7E98000049E58F;
					};
					22102CAC1C866E8D000E074B = {
						CreatedOnToolsVersion = 7.2;
						DevelopmentTeam = LRJ8KGQKMZ;
						TestTargetID = 223365001C7E98000049E58F;
					};
					223365001C7E98000049E58F = {
						CreatedOnToolsVersion = 7.2;
						DevelopmentTeam = LRJ8KGQKMZ;
					};
				};
			};
			buildConfigurationList = 223364FC1C7E98000049E58F /* Build configuration list for PBXProject "GoodR" */;
			compatibilityVersion = "Xcode 3.2";
			developmentRegion = English;
			hasScannedForEncodings = 0;
			knownRegions = (
				en,
				Base,
			);
			mainGroup = 223364F81C7E98000049E58F;
			productRefGroup = 223365021C7E98000049E58F /* Products */;
			projectDirPath = "";
			projectRoot = "";
			targets = (
				223365001C7E98000049E58F /* GoodR */,
				22102C9E1C866E77000E074B /* GoodRTests */,
				22102CAC1C866E8D000E074B /* GoodRUITests */,
			);
		};
/* End PBXProject section */

/* Begin PBXResourcesBuildPhase section */
		22102C9D1C866E77000E074B /* Resources */ = {
			isa = PBXResourcesBuildPhase;
			buildActionMask = 2147483647;
			files = (
			);
			runOnlyForDeploymentPostprocessing = 0;
		};
		22102CAB1C866E8D000E074B /* Resources */ = {
			isa = PBXResourcesBuildPhase;
			buildActionMask = 2147483647;
			files = (
			);
			runOnlyForDeploymentPostprocessing = 0;
		};
		223364FF1C7E98000049E58F /* Resources */ = {
			isa = PBXResourcesBuildPhase;
			buildActionMask = 2147483647;
			files = (
				2233651E1C7E99960049E58F /* NotoSans-Bold.ttf in Resources */,
				2233650F1C7E98000049E58F /* LaunchScreen.storyboard in Resources */,
				2233651F1C7E99960049E58F /* NotoSans-BoldItalic.ttf in Resources */,
				223365201C7E99960049E58F /* NotoSans-Italic.ttf in Resources */,
				2233650C1C7E98000049E58F /* Assets.xcassets in Resources */,
				2233650A1C7E98000049E58F /* Main.storyboard in Resources */,
				223365211C7E99960049E58F /* NotoSans-Regular.ttf in Resources */,
			);
			runOnlyForDeploymentPostprocessing = 0;
		};
/* End PBXResourcesBuildPhase section */

/* Begin PBXShellScriptBuildPhase section */
		1A1805041ACEA0E3D7686C9C /* Embed Pods Frameworks */ = {
			isa = PBXShellScriptBuildPhase;
			buildActionMask = 2147483647;
			files = (
			);
			inputPaths = (
			);
			name = "Embed Pods Frameworks";
			outputPaths = (
			);
			runOnlyForDeploymentPostprocessing = 0;
			shellPath = /bin/sh;
			shellScript = "\"${SRCROOT}/Pods/Target Support Files/Pods-GoodR/Pods-GoodR-frameworks.sh\"\n";
			showEnvVarsInLog = 0;
		};
		3EA7AD68B0D8274EE7FD4A0A /* Check Pods Manifest.lock */ = {
			isa = PBXShellScriptBuildPhase;
			buildActionMask = 2147483647;
			files = (
			);
			inputPaths = (
			);
			name = "Check Pods Manifest.lock";
			outputPaths = (
			);
			runOnlyForDeploymentPostprocessing = 0;
			shellPath = /bin/sh;
			shellScript = "diff \"${PODS_ROOT}/../Podfile.lock\" \"${PODS_ROOT}/Manifest.lock\" > /dev/null\nif [[ $? != 0 ]] ; then\n    cat << EOM\nerror: The sandbox is not in sync with the Podfile.lock. Run 'pod install' or update your CocoaPods installation.\nEOM\n    exit 1\nfi\n";
			showEnvVarsInLog = 0;
		};
		A521E40D01DE115397FA6856 /* Copy Pods Resources */ = {
			isa = PBXShellScriptBuildPhase;
			buildActionMask = 2147483647;
			files = (
			);
			inputPaths = (
			);
			name = "Copy Pods Resources";
			outputPaths = (
			);
			runOnlyForDeploymentPostprocessing = 0;
			shellPath = /bin/sh;
			shellScript = "\"${SRCROOT}/Pods/Target Support Files/Pods-GoodR/Pods-GoodR-resources.sh\"\n";
			showEnvVarsInLog = 0;
		};
/* End PBXShellScriptBuildPhase section */

/* Begin PBXSourcesBuildPhase section */
		22102C9B1C866E77000E074B /* Sources */ = {
			isa = PBXSourcesBuildPhase;
			buildActionMask = 2147483647;
			files = (
				22102CA21C866E77000E074B /* GoodRTests.swift in Sources */,
			);
			runOnlyForDeploymentPostprocessing = 0;
		};
		22102CA91C866E8D000E074B /* Sources */ = {
			isa = PBXSourcesBuildPhase;
			buildActionMask = 2147483647;
			files = (
				22102CB01C866E8D000E074B /* GoodRUITests.swift in Sources */,
			);
			runOnlyForDeploymentPostprocessing = 0;
		};
		223364FD1C7E98000049E58F /* Sources */ = {
			isa = PBXSourcesBuildPhase;
			buildActionMask = 2147483647;
			files = (
				223365071C7E98000049E58F /* ViewController.swift in Sources */,
				22ED99D01C86F2DD00B3112F /* Post.swift in Sources */,
				22ED99D21C87295300B3112F /* CustomImage.swift in Sources */,
				22ADDCB11C81AB0100661AD9 /* DataService.swift in Sources */,
				223365051C7E98000049E58F /* AppDelegate.swift in Sources */,
				22FFC9F21C814E0700F1E3EC /* CustomTextField.swift in Sources */,
				22248E3D1C86BB8200E71B21 /* GoodiesFeedVC.swift in Sources */,
				223365231C7EB54A0049E58F /* CustomDesignView.swift in Sources */,
				22248E3F1C86BDA800E71B21 /* GoodieCell.swift in Sources */,
				223365261C7EB6190049E58F /* Constants.swift in Sources */,
				22AC55881C86925400ABF126 /* Utilities.swift in Sources */,
				22FFC9F01C81342D00F1E3EC /* CustomButton.swift in Sources */,
			);
			runOnlyForDeploymentPostprocessing = 0;
		};
/* End PBXSourcesBuildPhase section */

/* Begin PBXTargetDependency section */
		22102CA51C866E77000E074B /* PBXTargetDependency */ = {
			isa = PBXTargetDependency;
			target = 223365001C7E98000049E58F /* GoodR */;
			targetProxy = 22102CA41C866E77000E074B /* PBXContainerItemProxy */;
		};
		22102CB31C866E8D000E074B /* PBXTargetDependency */ = {
			isa = PBXTargetDependency;
			target = 223365001C7E98000049E58F /* GoodR */;
			targetProxy = 22102CB21C866E8D000E074B /* PBXContainerItemProxy */;
		};
/* End PBXTargetDependency section */

/* Begin PBXVariantGroup section */
		223365081C7E98000049E58F /* Main.storyboard */ = {
			isa = PBXVariantGroup;
			children = (
				223365091C7E98000049E58F /* Base */,
			);
			name = Main.storyboard;
			sourceTree = "<group>";
		};
		2233650D1C7E98000049E58F /* LaunchScreen.storyboard */ = {
			isa = PBXVariantGroup;
			children = (
				2233650E1C7E98000049E58F /* Base */,
			);
			name = LaunchScreen.storyboard;
			sourceTree = "<group>";
		};
/* End PBXVariantGroup section */

/* Begin XCBuildConfiguration section */
		22102CA61C866E77000E074B /* Debug */ = {
			isa = XCBuildConfiguration;
			buildSettings = {
				BUNDLE_LOADER = "$(TEST_HOST)";
				INFOPLIST_FILE = GoodRTests/Info.plist;
				LD_RUNPATH_SEARCH_PATHS = "$(inherited) @executable_path/Frameworks @loader_path/Frameworks";
				PRODUCT_BUNDLE_IDENTIFIER = com.rabeeh.GoodRTests;
				PRODUCT_NAME = "$(TARGET_NAME)";
				TEST_HOST = "$(BUILT_PRODUCTS_DIR)/GoodR.app/GoodR";
			};
			name = Debug;
		};
		22102CA71C866E77000E074B /* Release */ = {
			isa = XCBuildConfiguration;
			buildSettings = {
				BUNDLE_LOADER = "$(TEST_HOST)";
				INFOPLIST_FILE = GoodRTests/Info.plist;
				LD_RUNPATH_SEARCH_PATHS = "$(inherited) @executable_path/Frameworks @loader_path/Frameworks";
				PRODUCT_BUNDLE_IDENTIFIER = com.rabeeh.GoodRTests;
				PRODUCT_NAME = "$(TARGET_NAME)";
				TEST_HOST = "$(BUILT_PRODUCTS_DIR)/GoodR.app/GoodR";
			};
			name = Release;
		};
		22102CB51C866E8D000E074B /* Debug */ = {
			isa = XCBuildConfiguration;
			buildSettings = {
				INFOPLIST_FILE = GoodRUITests/Info.plist;
				LD_RUNPATH_SEARCH_PATHS = "$(inherited) @executable_path/Frameworks @loader_path/Frameworks";
				PRODUCT_BUNDLE_IDENTIFIER = com.rabeeh.GoodRUITests;
				PRODUCT_NAME = "$(TARGET_NAME)";
				TEST_TARGET_NAME = GoodR;
				USES_XCTRUNNER = YES;
			};
			name = Debug;
		};
		22102CB61C866E8D000E074B /* Release */ = {
			isa = XCBuildConfiguration;
			buildSettings = {
				INFOPLIST_FILE = GoodRUITests/Info.plist;
				LD_RUNPATH_SEARCH_PATHS = "$(inherited) @executable_path/Frameworks @loader_path/Frameworks";
				PRODUCT_BUNDLE_IDENTIFIER = com.rabeeh.GoodRUITests;
				PRODUCT_NAME = "$(TARGET_NAME)";
				TEST_TARGET_NAME = GoodR;
				USES_XCTRUNNER = YES;
			};
			name = Release;
		};
		223365111C7E98000049E58F /* Debug */ = {
			isa = XCBuildConfiguration;
			buildSettings = {
				ALWAYS_SEARCH_USER_PATHS = NO;
				CLANG_CXX_LANGUAGE_STANDARD = "gnu++0x";
				CLANG_CXX_LIBRARY = "libc++";
				CLANG_ENABLE_MODULES = YES;
				CLANG_ENABLE_OBJC_ARC = YES;
				CLANG_WARN_BOOL_CONVERSION = YES;
				CLANG_WARN_CONSTANT_CONVERSION = YES;
				CLANG_WARN_DIRECT_OBJC_ISA_USAGE = YES_ERROR;
				CLANG_WARN_EMPTY_BODY = YES;
				CLANG_WARN_ENUM_CONVERSION = YES;
				CLANG_WARN_INT_CONVERSION = YES;
				CLANG_WARN_OBJC_ROOT_CLASS = YES_ERROR;
				CLANG_WARN_UNREACHABLE_CODE = YES;
				CLANG_WARN__DUPLICATE_METHOD_MATCH = YES;
				"CODE_SIGN_IDENTITY[sdk=iphoneos*]" = "iPhone Developer";
				COPY_PHASE_STRIP = NO;
				DEBUG_INFORMATION_FORMAT = dwarf;
				ENABLE_STRICT_OBJC_MSGSEND = YES;
				ENABLE_TESTABILITY = YES;
				GCC_C_LANGUAGE_STANDARD = gnu99;
				GCC_DYNAMIC_NO_PIC = NO;
				GCC_NO_COMMON_BLOCKS = YES;
				GCC_OPTIMIZATION_LEVEL = 0;
				GCC_PREPROCESSOR_DEFINITIONS = (
					"DEBUG=1",
					"$(inherited)",
				);
				GCC_WARN_64_TO_32_BIT_CONVERSION = YES;
				GCC_WARN_ABOUT_RETURN_TYPE = YES_ERROR;
				GCC_WARN_UNDECLARED_SELECTOR = YES;
				GCC_WARN_UNINITIALIZED_AUTOS = YES_AGGRESSIVE;
				GCC_WARN_UNUSED_FUNCTION = YES;
				GCC_WARN_UNUSED_VARIABLE = YES;
				IPHONEOS_DEPLOYMENT_TARGET = 9.2;
				MTL_ENABLE_DEBUG_INFO = YES;
				ONLY_ACTIVE_ARCH = YES;
				SDKROOT = iphoneos;
				SWIFT_OPTIMIZATION_LEVEL = "-Onone";
				TARGETED_DEVICE_FAMILY = "1,2";
			};
			name = Debug;
		};
		223365121C7E98000049E58F /* Release */ = {
			isa = XCBuildConfiguration;
			buildSettings = {
				ALWAYS_SEARCH_USER_PATHS = NO;
				CLANG_CXX_LANGUAGE_STANDARD = "gnu++0x";
				CLANG_CXX_LIBRARY = "libc++";
				CLANG_ENABLE_MODULES = YES;
				CLANG_ENABLE_OBJC_ARC = YES;
				CLANG_WARN_BOOL_CONVERSION = YES;
				CLANG_WARN_CONSTANT_CONVERSION = YES;
				CLANG_WARN_DIRECT_OBJC_ISA_USAGE = YES_ERROR;
				CLANG_WARN_EMPTY_BODY = YES;
				CLANG_WARN_ENUM_CONVERSION = YES;
				CLANG_WARN_INT_CONVERSION = YES;
				CLANG_WARN_OBJC_ROOT_CLASS = YES_ERROR;
				CLANG_WARN_UNREACHABLE_CODE = YES;
				CLANG_WARN__DUPLICATE_METHOD_MATCH = YES;
				"CODE_SIGN_IDENTITY[sdk=iphoneos*]" = "iPhone Developer";
				COPY_PHASE_STRIP = NO;
				DEBUG_INFORMATION_FORMAT = "dwarf-with-dsym";
				ENABLE_NS_ASSERTIONS = NO;
				ENABLE_STRICT_OBJC_MSGSEND = YES;
				GCC_C_LANGUAGE_STANDARD = gnu99;
				GCC_NO_COMMON_BLOCKS = YES;
				GCC_WARN_64_TO_32_BIT_CONVERSION = YES;
				GCC_WARN_ABOUT_RETURN_TYPE = YES_ERROR;
				GCC_WARN_UNDECLARED_SELECTOR = YES;
				GCC_WARN_UNINITIALIZED_AUTOS = YES_AGGRESSIVE;
				GCC_WARN_UNUSED_FUNCTION = YES;
				GCC_WARN_UNUSED_VARIABLE = YES;
				IPHONEOS_DEPLOYMENT_TARGET = 9.2;
				MTL_ENABLE_DEBUG_INFO = NO;
				SDKROOT = iphoneos;
				TARGETED_DEVICE_FAMILY = "1,2";
				VALIDATE_PRODUCT = YES;
			};
			name = Release;
		};
		223365141C7E98000049E58F /* Debug */ = {
			isa = XCBuildConfiguration;
			baseConfigurationReference = 989B7CC259022B7A845C78B5 /* Pods-GoodR.debug.xcconfig */;
			buildSettings = {
				ASSETCATALOG_COMPILER_APPICON_NAME = AppIcon;
				FRAMEWORK_SEARCH_PATHS = (
					"$(inherited)",
					"$(PROJECT_DIR)/GoodR",
				);
				INFOPLIST_FILE = GoodR/Info.plist;
				LD_RUNPATH_SEARCH_PATHS = "$(inherited) @executable_path/Frameworks";
				PRODUCT_BUNDLE_IDENTIFIER = com.rabeeh.goodr;
				PRODUCT_NAME = "$(TARGET_NAME)";
				SDKROOT = iphoneos;
			};
			name = Debug;
		};
		223365151C7E98000049E58F /* Release */ = {
			isa = XCBuildConfiguration;
			baseConfigurationReference = 6D9FEBF191126222887D28E5 /* Pods-GoodR.release.xcconfig */;
			buildSettings = {
				ASSETCATALOG_COMPILER_APPICON_NAME = AppIcon;
				FRAMEWORK_SEARCH_PATHS = (
					"$(inherited)",
					"$(PROJECT_DIR)/GoodR",
				);
				INFOPLIST_FILE = GoodR/Info.plist;
				LD_RUNPATH_SEARCH_PATHS = "$(inherited) @executable_path/Frameworks";
				PRODUCT_BUNDLE_IDENTIFIER = com.rabeeh.goodr;
				PRODUCT_NAME = "$(TARGET_NAME)";
				SDKROOT = iphoneos;
			};
			name = Release;
		};
/* End XCBuildConfiguration section */

/* Begin XCConfigurationList section */
		22102CA81C866E77000E074B /* Build configuration list for PBXNativeTarget "GoodRTests" */ = {
			isa = XCConfigurationList;
			buildConfigurations = (
				22102CA61C866E77000E074B /* Debug */,
				22102CA71C866E77000E074B /* Release */,
			);
			defaultConfigurationIsVisible = 0;
			defaultConfigurationName = Release;
		};
		22102CB41C866E8D000E074B /* Build configuration list for PBXNativeTarget "GoodRUITests" */ = {
			isa = XCConfigurationList;
			buildConfigurations = (
				22102CB51C866E8D000E074B /* Debug */,
				22102CB61C866E8D000E074B /* Release */,
			);
			defaultConfigurationIsVisible = 0;
			defaultConfigurationName = Release;
		};
		223364FC1C7E98000049E58F /* Build configuration list for PBXProject "GoodR" */ = {
			isa = XCConfigurationList;
			buildConfigurations = (
				223365111C7E98000049E58F /* Debug */,
				223365121C7E98000049E58F /* Release */,
			);
			defaultConfigurationIsVisible = 0;
			defaultConfigurationName = Release;
		};
		223365131C7E98000049E58F /* Build configuration list for PBXNativeTarget "GoodR" */ = {
			isa = XCConfigurationList;
			buildConfigurations = (
				223365141C7E98000049E58F /* Debug */,
				223365151C7E98000049E58F /* Release */,
			);
			defaultConfigurationIsVisible = 0;
			defaultConfigurationName = Release;
		};
/* End XCConfigurationList section */
	};
	rootObject = 223364F91C7E98000049E58F /* Project object */;
}
