// !$*UTF8*$!
{
	archiveVersion = 1;
	classes = {
	};
	objectVersion = 46;
	objects = {

/* Begin PBXBuildFile section */
		223365051C7E98000049E58F /* AppDelegate.swift in Sources */ = {isa = PBXBuildFile; fileRef = 223365041C7E98000049E58F /* AppDelegate.swift */; };
		223365071C7E98000049E58F /* ViewController.swift in Sources */ = {isa = PBXBuildFile; fileRef = 223365061C7E98000049E58F /* ViewController.swift */; };
		2233650A1C7E98000049E58F /* Main.storyboard in Resources */ = {isa = PBXBuildFile; fileRef = 223365081C7E98000049E58F /* Main.storyboard */; };
		2233650C1C7E98000049E58F /* Assets.xcassets in Resources */ = {isa = PBXBuildFile; fileRef = 2233650B1C7E98000049E58F /* Assets.xcassets */; };
		2233650F1C7E98000049E58F /* LaunchScreen.storyboard in Resources */ = {isa = PBXBuildFile; fileRef = 2233650D1C7E98000049E58F /* LaunchScreen.storyboard */; };
		2233651E1C7E99960049E58F /* NotoSans-Bold.ttf in Resources */ = {isa = PBXBuildFile; fileRef = 2233651A1C7E99960049E58F /* NotoSans-Bold.ttf */; };
		2233651F1C7E99960049E58F /* NotoSans-BoldItalic.ttf in Resources */ = {isa = PBXBuildFile; fileRef = 2233651B1C7E99960049E58F /* NotoSans-BoldItalic.ttf */; };
		223365201C7E99960049E58F /* NotoSans-Italic.ttf in Resources */ = {isa = PBXBuildFile; fileRef = 2233651C1C7E99960049E58F /* NotoSans-Italic.ttf */; };
		223365211C7E99960049E58F /* NotoSans-Regular.ttf in Resources */ = {isa = PBXBuildFile; fileRef = 2233651D1C7E99960049E58F /* NotoSans-Regular.ttf */; };
/* End PBXBuildFile section */

/* Begin PBXFileReference section */
		223365011C7E98000049E58F /* GoodR.app */ = {isa = PBXFileReference; explicitFileType = wrapper.application; includeInIndex = 0; path = GoodR.app; sourceTree = BUILT_PRODUCTS_DIR; };
		223365041C7E98000049E58F /* AppDelegate.swift */ = {isa = PBXFileReference; lastKnownFileType = sourcecode.swift; path = AppDelegate.swift; sourceTree = "<group>"; };
		223365061C7E98000049E58F /* ViewController.swift */ = {isa = PBXFileReference; lastKnownFileType = sourcecode.swift; path = ViewController.swift; sourceTree = "<group>"; };
		223365091C7E98000049E58F /* Base */ = {isa = PBXFileReference; lastKnownFileType = file.storyboard; name = Base; path = Base.lproj/Main.storyboard; sourceTree = "<group>"; };
		2233650B1C7E98000049E58F /* Assets.xcassets */ = {isa = PBXFileReference; lastKnownFileType = folder.assetcatalog; path = Assets.xcassets; sourceTree = "<group>"; };
		2233650E1C7E98000049E58F /* Base */ = {isa = PBXFileReference; lastKnownFileType = file.storyboard; name = Base; path = Base.lproj/LaunchScreen.storyboard; sourceTree = "<group>"; };
		223365101C7E98000049E58F /* Info.plist */ = {isa = PBXFileReference; lastKnownFileType = text.plist.xml; path = Info.plist; sourceTree = "<group>"; };
		2233651A1C7E99960049E58F /* NotoSans-Bold.ttf */ = {isa = PBXFileReference; lastKnownFileType = file; path = "NotoSans-Bold.ttf"; sourceTree = "<group>"; };
		2233651B1C7E99960049E58F /* NotoSans-BoldItalic.ttf */ = {isa = PBXFileReference; lastKnownFileType = file; path = "NotoSans-BoldItalic.ttf"; sourceTree = "<group>"; };
		2233651C1C7E99960049E58F /* NotoSans-Italic.ttf */ = {isa = PBXFileReference; lastKnownFileType = file; path = "NotoSans-Italic.ttf"; sourceTree = "<group>"; };
		2233651D1C7E99960049E58F /* NotoSans-Regular.ttf */ = {isa = PBXFileReference; lastKnownFileType = file; path = "NotoSans-Regular.ttf"; sourceTree = "<group>"; };
/* End PBXFileReference section */

/* Begin PBXFrameworksBuildPhase section */
		223364FE1C7E98000049E58F /* Frameworks */ = {
			isa = PBXFrameworksBuildPhase;
			buildActionMask = 2147483647;
			files = (
			);
			runOnlyForDeploymentPostprocessing = 0;
		};
/* End PBXFrameworksBuildPhase section */

/* Begin PBXGroup section */
		223364F81C7E98000049E58F = {
			isa = PBXGroup;
			children = (
				223365031C7E98000049E58F /* GoodR */,
				223365021C7E98000049E58F /* Products */,
			);
			sourceTree = "<group>";
		};
		223365021C7E98000049E58F /* Products */ = {
			isa = PBXGroup;
			children = (
				223365011C7E98000049E58F /* GoodR.app */,
			);
			name = Products;
			sourceTree = "<group>";
		};
		223365031C7E98000049E58F /* GoodR */ = {
			isa = PBXGroup;
			children = (
				223365191C7E994D0049E58F /* Resources */,
				223365181C7E990F0049E58F /* Controllers */,
				223365171C7E99090049E58F /* Models */,
				223365161C7E98F90049E58F /* Views */,
				223365041C7E98000049E58F /* AppDelegate.swift */,
				223365061C7E98000049E58F /* ViewController.swift */,
				223365081C7E98000049E58F /* Main.storyboard */,
				2233650B1C7E98000049E58F /* Assets.xcassets */,
				2233650D1C7E98000049E58F /* LaunchScreen.storyboard */,
				223365101C7E98000049E58F /* Info.plist */,
			);
			path = GoodR;
			sourceTree = "<group>";
		};
		223365161C7E98F90049E58F /* Views */ = {
			isa = PBXGroup;
			children = (
			);
			name = Views;
			sourceTree = "<group>";
		};
		223365171C7E99090049E58F /* Models */ = {
			isa = PBXGroup;
			children = (
			);
			name = Models;
			sourceTree = "<group>";
		};
		223365181C7E990F0049E58F /* Controllers */ = {
			isa = PBXGroup;
			children = (
			);
			name = Controllers;
			sourceTree = "<group>";
		};
		223365191C7E994D0049E58F /* Resources */ = {
			isa = PBXGroup;
			children = (
				2233651A1C7E99960049E58F /* NotoSans-Bold.ttf */,
				2233651B1C7E99960049E58F /* NotoSans-BoldItalic.ttf */,
				2233651C1C7E99960049E58F /* NotoSans-Italic.ttf */,
				2233651D1C7E99960049E58F /* NotoSans-Regular.ttf */,
			);
			name = Resources;
			sourceTree = "<group>";
		};
/* End PBXGroup section */

/* Begin PBXNativeTarget section */
		223365001C7E98000049E58F /* GoodR */ = {
			isa = PBXNativeTarget;
			buildConfigurationList = 223365131C7E98000049E58F /* Build configuration list for PBXNativeTarget "GoodR" */;
			buildPhases = (
				223364FD1C7E98000049E58F /* Sources */,
				223364FE1C7E98000049E58F /* Frameworks */,
				223364FF1C7E98000049E58F /* Resources */,
			);
			buildRules = (
			);
			dependencies = (
			);
			name = GoodR;
			productName = GoodR;
			productReference = 223365011C7E98000049E58F /* GoodR.app */;
			productType = "com.apple.product-type.application";
		};
/* End PBXNativeTarget section */

/* Begin PBXProject section */
		223364F91C7E98000049E58F /* Project object */ = {
			isa = PBXProject;
			attributes = {
				LastSwiftUpdateCheck = 0720;
				LastUpgradeCheck = 0720;
				ORGANIZATIONNAME = "Sam Rabeeh - RCI";
				TargetAttributes = {
					223365001C7E98000049E58F = {
						CreatedOnToolsVersion = 7.2;
						DevelopmentTeam = LRJ8KGQKMZ;
					};
				};
			};
			buildConfigurationList = 223364FC1C7E98000049E58F /* Build configuration list for PBXProject "GoodR" */;
			compatibilityVersion = "Xcode 3.2";
			developmentRegion = English;
			hasScannedForEncodings = 0;
			knownRegions = (
				en,
				Base,
			);
			mainGroup = 223364F81C7E98000049E58F;
			productRefGroup = 223365021C7E98000049E58F /* Products */;
			projectDirPath = "";
			projectRoot = "";
			targets = (
				223365001C7E98000049E58F /* GoodR */,
			);
		};
/* End PBXProject section */

/* Begin PBXResourcesBuildPhase section */
		223364FF1C7E98000049E58F /* Resources */ = {
			isa = PBXResourcesBuildPhase;
			buildActionMask = 2147483647;
			files = (
				2233651E1C7E99960049E58F /* NotoSans-Bold.ttf in Resources */,
				2233650F1C7E98000049E58F /* LaunchScreen.storyboard in Resources */,
				2233651F1C7E99960049E58F /* NotoSans-BoldItalic.ttf in Resources */,
				223365201C7E99960049E58F /* NotoSans-Italic.ttf in Resources */,
				2233650C1C7E98000049E58F /* Assets.xcassets in Resources */,
				2233650A1C7E98000049E58F /* Main.storyboard in Resources */,
				223365211C7E99960049E58F /* NotoSans-Regular.ttf in Resources */,
			);
			runOnlyForDeploymentPostprocessing = 0;
		};
/* End PBXResourcesBuildPhase section */

/* Begin PBXSourcesBuildPhase section */
		223364FD1C7E98000049E58F /* Sources */ = {
			isa = PBXSourcesBuildPhase;
			buildActionMask = 2147483647;
			files = (
				223365071C7E98000049E58F /* ViewController.swift in Sources */,
				223365051C7E98000049E58F /* AppDelegate.swift in Sources */,
			);
			runOnlyForDeploymentPostprocessing = 0;
		};
/* End PBXSourcesBuildPhase section */

/* Begin PBXVariantGroup section */
		223365081C7E98000049E58F /* Main.storyboard */ = {
			isa = PBXVariantGroup;
			children = (
				223365091C7E98000049E58F /* Base */,
			);
			name = Main.storyboard;
			sourceTree = "<group>";
		};
		2233650D1C7E98000049E58F /* LaunchScreen.storyboard */ = {
			isa = PBXVariantGroup;
			children = (
				2233650E1C7E98000049E58F /* Base */,
			);
			name = LaunchScreen.storyboard;
			sourceTree = "<group>";
		};
/* End PBXVariantGroup section */

/* Begin XCBuildConfiguration section */
		223365111C7E98000049E58F /* Debug */ = {
			isa = XCBuildConfiguration;
			buildSettings = {
				ALWAYS_SEARCH_USER_PATHS = NO;
				CLANG_CXX_LANGUAGE_STANDARD = "gnu++0x";
				CLANG_CXX_LIBRARY = "libc++";
				CLANG_ENABLE_MODULES = YES;
				CLANG_ENABLE_OBJC_ARC = YES;
				CLANG_WARN_BOOL_CONVERSION = YES;
				CLANG_WARN_CONSTANT_CONVERSION = YES;
				CLANG_WARN_DIRECT_OBJC_ISA_USAGE = YES_ERROR;
				CLANG_WARN_EMPTY_BODY = YES;
				CLANG_WARN_ENUM_CONVERSION = YES;
				CLANG_WARN_INT_CONVERSION = YES;
				CLANG_WARN_OBJC_ROOT_CLASS = YES_ERROR;
				CLANG_WARN_UNREACHABLE_CODE = YES;
				CLANG_WARN__DUPLICATE_METHOD_MATCH = YES;
				"CODE_SIGN_IDENTITY[sdk=iphoneos*]" = "iPhone Developer";
				COPY_PHASE_STRIP = NO;
				DEBUG_INFORMATION_FORMAT = dwarf;
				ENABLE_STRICT_OBJC_MSGSEND = YES;
				ENABLE_TESTABILITY = YES;
				GCC_C_LANGUAGE_STANDARD = gnu99;
				GCC_DYNAMIC_NO_PIC = NO;
				GCC_NO_COMMON_BLOCKS = YES;
				GCC_OPTIMIZATION_LEVEL = 0;
				GCC_PREPROCESSOR_DEFINITIONS = (
					"DEBUG=1",
					"$(inherited)",
				);
				GCC_WARN_64_TO_32_BIT_CONVERSION = YES;
				GCC_WARN_ABOUT_RETURN_TYPE = YES_ERROR;
				GCC_WARN_UNDECLARED_SELECTOR = YES;
				GCC_WARN_UNINITIALIZED_AUTOS = YES_AGGRESSIVE;
				GCC_WARN_UNUSED_FUNCTION = YES;
				GCC_WARN_UNUSED_VARIABLE = YES;
				IPHONEOS_DEPLOYMENT_TARGET = 9.2;
				MTL_ENABLE_DEBUG_INFO = YES;
				ONLY_ACTIVE_ARCH = YES;
				SDKROOT = iphoneos;
				SWIFT_OPTIMIZATION_LEVEL = "-Onone";
				TARGETED_DEVICE_FAMILY = "1,2";
			};
			name = Debug;
		};
		223365121C7E98000049E58F /* Release */ = {
			isa = XCBuildConfiguration;
			buildSettings = {
				ALWAYS_SEARCH_USER_PATHS = NO;
				CLANG_CXX_LANGUAGE_STANDARD = "gnu++0x";
				CLANG_CXX_LIBRARY = "libc++";
				CLANG_ENABLE_MODULES = YES;
				CLANG_ENABLE_OBJC_ARC = YES;
				CLANG_WARN_BOOL_CONVERSION = YES;
				CLANG_WARN_CONSTANT_CONVERSION = YES;
				CLANG_WARN_DIRECT_OBJC_ISA_USAGE = YES_ERROR;
				CLANG_WARN_EMPTY_BODY = YES;
				CLANG_WARN_ENUM_CONVERSION = YES;
				CLANG_WARN_INT_CONVERSION = YES;
				CLANG_WARN_OBJC_ROOT_CLASS = YES_ERROR;
				CLANG_WARN_UNREACHABLE_CODE = YES;
				CLANG_WARN__DUPLICATE_METHOD_MATCH = YES;
				"CODE_SIGN_IDENTITY[sdk=iphoneos*]" = "iPhone Developer";
				COPY_PHASE_STRIP = NO;
				DEBUG_INFORMATION_FORMAT = "dwarf-with-dsym";
				ENABLE_NS_ASSERTIONS = NO;
				ENABLE_STRICT_OBJC_MSGSEND = YES;
				GCC_C_LANGUAGE_STANDARD = gnu99;
				GCC_NO_COMMON_BLOCKS = YES;
				GCC_WARN_64_TO_32_BIT_CONVERSION = YES;
				GCC_WARN_ABOUT_RETURN_TYPE = YES_ERROR;
				GCC_WARN_UNDECLARED_SELECTOR = YES;
				GCC_WARN_UNINITIALIZED_AUTOS = YES_AGGRESSIVE;
				GCC_WARN_UNUSED_FUNCTION = YES;
				GCC_WARN_UNUSED_VARIABLE = YES;
				IPHONEOS_DEPLOYMENT_TARGET = 9.2;
				MTL_ENABLE_DEBUG_INFO = NO;
				SDKROOT = iphoneos;
				TARGETED_DEVICE_FAMILY = "1,2";
				VALIDATE_PRODUCT = YES;
			};
			name = Release;
		};
		223365141C7E98000049E58F /* Debug */ = {
			isa = XCBuildConfiguration;
			buildSettings = {
				ASSETCATALOG_COMPILER_APPICON_NAME = AppIcon;
				INFOPLIST_FILE = GoodR/Info.plist;
				LD_RUNPATH_SEARCH_PATHS = "$(inherited) @executable_path/Frameworks";
				PRODUCT_BUNDLE_IDENTIFIER = com.rabeeh.GoodR;
				PRODUCT_NAME = "$(TARGET_NAME)";
			};
			name = Debug;
		};
		223365151C7E98000049E58F /* Release */ = {
			isa = XCBuildConfiguration;
			buildSettings = {
				ASSETCATALOG_COMPILER_APPICON_NAME = AppIcon;
				INFOPLIST_FILE = GoodR/Info.plist;
				LD_RUNPATH_SEARCH_PATHS = "$(inherited) @executable_path/Frameworks";
				PRODUCT_BUNDLE_IDENTIFIER = com.rabeeh.GoodR;
				PRODUCT_NAME = "$(TARGET_NAME)";
			};
			name = Release;
		};
/* End XCBuildConfiguration section */

/* Begin XCConfigurationList section */
		223364FC1C7E98000049E58F /* Build configuration list for PBXProject "GoodR" */ = {
			isa = XCConfigurationList;
			buildConfigurations = (
				223365111C7E98000049E58F /* Debug */,
				223365121C7E98000049E58F /* Release */,
			);
			defaultConfigurationIsVisible = 0;
			defaultConfigurationName = Release;
		};
		223365131C7E98000049E58F /* Build configuration list for PBXNativeTarget "GoodR" */ = {
			isa = XCConfigurationList;
			buildConfigurations = (
				223365141C7E98000049E58F /* Debug */,
				223365151C7E98000049E58F /* Release */,
			);
			defaultConfigurationIsVisible = 0;
		};
/* End XCConfigurationList section */
	};
	rootObject = 223364F91C7E98000049E58F /* Project object */;
}
